// !$*UTF8*$!
{
	archiveVersion = 1;
	classes = {
	};
	objectVersion = 55;
	objects = {

/* Begin PBXBuildFile section */
		FABAAEC52C6A1ECC000D6A44 /* AppDelegate.swift in Sources */ = {isa = PBXBuildFile; fileRef = FABAAEC42C6A1ECC000D6A44 /* AppDelegate.swift */; };
		FABAAEC72C6A1ECC000D6A44 /* SceneDelegate.swift in Sources */ = {isa = PBXBuildFile; fileRef = FABAAEC62C6A1ECC000D6A44 /* SceneDelegate.swift */; };
		FABAAEC92C6A1ECC000D6A44 /* HomeViewController.swift in Sources */ = {isa = PBXBuildFile; fileRef = FABAAEC82C6A1ECC000D6A44 /* HomeViewController.swift */; };
		FABAAECC2C6A1ECC000D6A44 /* Main.storyboard in Resources */ = {isa = PBXBuildFile; fileRef = FABAAECA2C6A1ECC000D6A44 /* Main.storyboard */; };
		FABAAECF2C6A1ECC000D6A44 /* GOQiiAssessment.xcdatamodeld in Sources */ = {isa = PBXBuildFile; fileRef = FABAAECD2C6A1ECC000D6A44 /* GOQiiAssessment.xcdatamodeld */; };
		FABAAED12C6A1ECE000D6A44 /* Assets.xcassets in Resources */ = {isa = PBXBuildFile; fileRef = FABAAED02C6A1ECE000D6A44 /* Assets.xcassets */; };
		FABAAED42C6A1ECE000D6A44 /* LaunchScreen.storyboard in Resources */ = {isa = PBXBuildFile; fileRef = FABAAED22C6A1ECE000D6A44 /* LaunchScreen.storyboard */; };
		FABAAEE02C6A3621000D6A44 /* WaterLog+CoreDataClass.swift in Sources */ = {isa = PBXBuildFile; fileRef = FABAAEDE2C6A3621000D6A44 /* WaterLog+CoreDataClass.swift */; };
		FABAAEE12C6A3621000D6A44 /* WaterLog+CoreDataProperties.swift in Sources */ = {isa = PBXBuildFile; fileRef = FABAAEDF2C6A3621000D6A44 /* WaterLog+CoreDataProperties.swift */; };
		FABAAEE42C6A38F7000D6A44 /* AddEditViewController.swift in Sources */ = {isa = PBXBuildFile; fileRef = FABAAEE32C6A38F7000D6A44 /* AddEditViewController.swift */; };
		FABAAEE62C6A3FE6000D6A44 /* DatabaseHelper.swift in Sources */ = {isa = PBXBuildFile; fileRef = FABAAEE52C6A3FE6000D6A44 /* DatabaseHelper.swift */; };
		FABAAEED2C6A42CD000D6A44 /* Config.swift in Sources */ = {isa = PBXBuildFile; fileRef = FABAAEE82C6A42CD000D6A44 /* Config.swift */; };
		FABAAEEE2C6A42CD000D6A44 /* String.swift in Sources */ = {isa = PBXBuildFile; fileRef = FABAAEE92C6A42CD000D6A44 /* String.swift */; };
		FABAAEF52C6A5F72000D6A44 /* CustomTableViewCell.swift in Sources */ = {isa = PBXBuildFile; fileRef = FABAAEF32C6A5F72000D6A44 /* CustomTableViewCell.swift */; };
		FABAAEF62C6A5F72000D6A44 /* CustomTableViewCell.xib in Resources */ = {isa = PBXBuildFile; fileRef = FABAAEF42C6A5F72000D6A44 /* CustomTableViewCell.xib */; };
		FABAAEF82C6A7767000D6A44 /* Extention.swift in Sources */ = {isa = PBXBuildFile; fileRef = FABAAEF72C6A7767000D6A44 /* Extention.swift */; };
		FABAAEFA2C6A864B000D6A44 /* NotificationHelper.swift in Sources */ = {isa = PBXBuildFile; fileRef = FABAAEF92C6A864B000D6A44 /* NotificationHelper.swift */; };
/* End PBXBuildFile section */

/* Begin PBXFileReference section */
		FABAAEC12C6A1ECC000D6A44 /* GOQiiAssessment.app */ = {isa = PBXFileReference; explicitFileType = wrapper.application; includeInIndex = 0; path = GOQiiAssessment.app; sourceTree = BUILT_PRODUCTS_DIR; };
		FABAAEC42C6A1ECC000D6A44 /* AppDelegate.swift */ = {isa = PBXFileReference; lastKnownFileType = sourcecode.swift; path = AppDelegate.swift; sourceTree = "<group>"; };
		FABAAEC62C6A1ECC000D6A44 /* SceneDelegate.swift */ = {isa = PBXFileReference; lastKnownFileType = sourcecode.swift; path = SceneDelegate.swift; sourceTree = "<group>"; };
		FABAAEC82C6A1ECC000D6A44 /* HomeViewController.swift */ = {isa = PBXFileReference; lastKnownFileType = sourcecode.swift; path = HomeViewController.swift; sourceTree = "<group>"; };
		FABAAECB2C6A1ECC000D6A44 /* Base */ = {isa = PBXFileReference; lastKnownFileType = file.storyboard; name = Base; path = Base.lproj/Main.storyboard; sourceTree = "<group>"; };
		FABAAECE2C6A1ECC000D6A44 /* GOQiiAssessment.xcdatamodel */ = {isa = PBXFileReference; lastKnownFileType = wrapper.xcdatamodel; path = GOQiiAssessment.xcdatamodel; sourceTree = "<group>"; };
		FABAAED02C6A1ECE000D6A44 /* Assets.xcassets */ = {isa = PBXFileReference; lastKnownFileType = folder.assetcatalog; path = Assets.xcassets; sourceTree = "<group>"; };
		FABAAED32C6A1ECE000D6A44 /* Base */ = {isa = PBXFileReference; lastKnownFileType = file.storyboard; name = Base; path = Base.lproj/LaunchScreen.storyboard; sourceTree = "<group>"; };
		FABAAED52C6A1ECE000D6A44 /* Info.plist */ = {isa = PBXFileReference; lastKnownFileType = text.plist.xml; path = Info.plist; sourceTree = "<group>"; };
		FABAAEDE2C6A3621000D6A44 /* WaterLog+CoreDataClass.swift */ = {isa = PBXFileReference; lastKnownFileType = sourcecode.swift; path = "WaterLog+CoreDataClass.swift"; sourceTree = "<group>"; };
		FABAAEDF2C6A3621000D6A44 /* WaterLog+CoreDataProperties.swift */ = {isa = PBXFileReference; lastKnownFileType = sourcecode.swift; path = "WaterLog+CoreDataProperties.swift"; sourceTree = "<group>"; };
		FABAAEE32C6A38F7000D6A44 /* AddEditViewController.swift */ = {isa = PBXFileReference; lastKnownFileType = sourcecode.swift; path = AddEditViewController.swift; sourceTree = "<group>"; };
		FABAAEE52C6A3FE6000D6A44 /* DatabaseHelper.swift */ = {isa = PBXFileReference; lastKnownFileType = sourcecode.swift; path = DatabaseHelper.swift; sourceTree = "<group>"; };
		FABAAEE82C6A42CD000D6A44 /* Config.swift */ = {isa = PBXFileReference; fileEncoding = 4; lastKnownFileType = sourcecode.swift; path = Config.swift; sourceTree = "<group>"; };
		FABAAEE92C6A42CD000D6A44 /* String.swift */ = {isa = PBXFileReference; fileEncoding = 4; lastKnownFileType = sourcecode.swift; path = String.swift; sourceTree = "<group>"; };
		FABAAEF32C6A5F72000D6A44 /* CustomTableViewCell.swift */ = {isa = PBXFileReference; lastKnownFileType = sourcecode.swift; path = CustomTableViewCell.swift; sourceTree = "<group>"; };
		FABAAEF42C6A5F72000D6A44 /* CustomTableViewCell.xib */ = {isa = PBXFileReference; lastKnownFileType = file.xib; path = CustomTableViewCell.xib; sourceTree = "<group>"; };
		FABAAEF72C6A7767000D6A44 /* Extention.swift */ = {isa = PBXFileReference; fileEncoding = 4; lastKnownFileType = sourcecode.swift; path = Extention.swift; sourceTree = "<group>"; };
		FABAAEF92C6A864B000D6A44 /* NotificationHelper.swift */ = {isa = PBXFileReference; lastKnownFileType = sourcecode.swift; path = NotificationHelper.swift; sourceTree = "<group>"; };
/* End PBXFileReference section */

/* Begin PBXFrameworksBuildPhase section */
		FABAAEBE2C6A1ECC000D6A44 /* Frameworks */ = {
			isa = PBXFrameworksBuildPhase;
			buildActionMask = 2147483647;
			files = (
			);
			runOnlyForDeploymentPostprocessing = 0;
		};
/* End PBXFrameworksBuildPhase section */

/* Begin PBXGroup section */
		FABAAEB82C6A1ECB000D6A44 = {
			isa = PBXGroup;
			children = (
				FABAAEC32C6A1ECC000D6A44 /* GOQiiAssessment */,
				FABAAEC22C6A1ECC000D6A44 /* Products */,
			);
			sourceTree = "<group>";
		};
		FABAAEC22C6A1ECC000D6A44 /* Products */ = {
			isa = PBXGroup;
			children = (
				FABAAEC12C6A1ECC000D6A44 /* GOQiiAssessment.app */,
			);
			name = Products;
			sourceTree = "<group>";
		};
		FABAAEC32C6A1ECC000D6A44 /* GOQiiAssessment */ = {
			isa = PBXGroup;
			children = (
				FABAAEC42C6A1ECC000D6A44 /* AppDelegate.swift */,
				FABAAEC62C6A1ECC000D6A44 /* SceneDelegate.swift */,
				FABAAECA2C6A1ECC000D6A44 /* Main.storyboard */,
				FABAAEDB2C6A20D8000D6A44 /* Controller */,
				FABAAEF22C6A5F45000D6A44 /* Custom Cell */,
				FABAAEE72C6A42CD000D6A44 /* Utils */,
				FABAAEE22C6A3637000D6A44 /* CoreDataProperties */,
				FABAAED22C6A1ECE000D6A44 /* LaunchScreen.storyboard */,
				FABAAED02C6A1ECE000D6A44 /* Assets.xcassets */,
				FABAAED52C6A1ECE000D6A44 /* Info.plist */,
				FABAAECD2C6A1ECC000D6A44 /* GOQiiAssessment.xcdatamodeld */,
			);
			path = GOQiiAssessment;
			sourceTree = "<group>";
		};
		FABAAEDB2C6A20D8000D6A44 /* Controller */ = {
			isa = PBXGroup;
			children = (
				FABAAEC82C6A1ECC000D6A44 /* HomeViewController.swift */,
				FABAAEE32C6A38F7000D6A44 /* AddEditViewController.swift */,
			);
			path = Controller;
			sourceTree = "<group>";
		};
		FABAAEE22C6A3637000D6A44 /* CoreDataProperties */ = {
			isa = PBXGroup;
			children = (
				FABAAEDE2C6A3621000D6A44 /* WaterLog+CoreDataClass.swift */,
				FABAAEDF2C6A3621000D6A44 /* WaterLog+CoreDataProperties.swift */,
				FABAAEE52C6A3FE6000D6A44 /* DatabaseHelper.swift */,
			);
			path = CoreDataProperties;
			sourceTree = "<group>";
		};
		FABAAEE72C6A42CD000D6A44 /* Utils */ = {
			isa = PBXGroup;
			children = (
				FABAAEF72C6A7767000D6A44 /* Extention.swift */,
				FABAAEE82C6A42CD000D6A44 /* Config.swift */,
				FABAAEE92C6A42CD000D6A44 /* String.swift */,
				FABAAEF92C6A864B000D6A44 /* NotificationHelper.swift */,
			);
			path = Utils;
			sourceTree = "<group>";
		};
		FABAAEF22C6A5F45000D6A44 /* Custom Cell */ = {
			isa = PBXGroup;
			children = (
				FABAAEF32C6A5F72000D6A44 /* CustomTableViewCell.swift */,
				FABAAEF42C6A5F72000D6A44 /* CustomTableViewCell.xib */,
			);
			path = "Custom Cell";
			sourceTree = "<group>";
		};
/* End PBXGroup section */

/* Begin PBXNativeTarget section */
		FABAAEC02C6A1ECC000D6A44 /* GOQiiAssessment */ = {
			isa = PBXNativeTarget;
			buildConfigurationList = FABAAED82C6A1ECE000D6A44 /* Build configuration list for PBXNativeTarget "GOQiiAssessment" */;
			buildPhases = (
				FABAAEBD2C6A1ECC000D6A44 /* Sources */,
				FABAAEBE2C6A1ECC000D6A44 /* Frameworks */,
				FABAAEBF2C6A1ECC000D6A44 /* Resources */,
			);
			buildRules = (
			);
			dependencies = (
			);
			name = GOQiiAssessment;
			productName = GOQiiAssessment;
			productReference = FABAAEC12C6A1ECC000D6A44 /* GOQiiAssessment.app */;
			productType = "com.apple.product-type.application";
		};
/* End PBXNativeTarget section */

/* Begin PBXProject section */
		FABAAEB92C6A1ECB000D6A44 /* Project object */ = {
			isa = PBXProject;
			attributes = {
				BuildIndependentTargetsInParallel = 1;
				LastSwiftUpdateCheck = 1320;
				LastUpgradeCheck = 1320;
				TargetAttributes = {
					FABAAEC02C6A1ECC000D6A44 = {
						CreatedOnToolsVersion = 13.2.1;
					};
				};
			};
			buildConfigurationList = FABAAEBC2C6A1ECC000D6A44 /* Build configuration list for PBXProject "GOQiiAssessment" */;
			compatibilityVersion = "Xcode 13.0";
			developmentRegion = en;
			hasScannedForEncodings = 0;
			knownRegions = (
				en,
				Base,
			);
			mainGroup = FABAAEB82C6A1ECB000D6A44;
			productRefGroup = FABAAEC22C6A1ECC000D6A44 /* Products */;
			projectDirPath = "";
			projectRoot = "";
			targets = (
				FABAAEC02C6A1ECC000D6A44 /* GOQiiAssessment */,
			);
		};
/* End PBXProject section */

/* Begin PBXResourcesBuildPhase section */
		FABAAEBF2C6A1ECC000D6A44 /* Resources */ = {
			isa = PBXResourcesBuildPhase;
			buildActionMask = 2147483647;
			files = (
				FABAAED42C6A1ECE000D6A44 /* LaunchScreen.storyboard in Resources */,
				FABAAED12C6A1ECE000D6A44 /* Assets.xcassets in Resources */,
				FABAAEF62C6A5F72000D6A44 /* CustomTableViewCell.xib in Resources */,
				FABAAECC2C6A1ECC000D6A44 /* Main.storyboard in Resources */,
			);
			runOnlyForDeploymentPostprocessing = 0;
		};
/* End PBXResourcesBuildPhase section */

/* Begin PBXSourcesBuildPhase section */
		FABAAEBD2C6A1ECC000D6A44 /* Sources */ = {
			isa = PBXSourcesBuildPhase;
			buildActionMask = 2147483647;
			files = (
				FABAAEE12C6A3621000D6A44 /* WaterLog+CoreDataProperties.swift in Sources */,
				FABAAEE42C6A38F7000D6A44 /* AddEditViewController.swift in Sources */,
				FABAAEF52C6A5F72000D6A44 /* CustomTableViewCell.swift in Sources */,
				FABAAEEE2C6A42CD000D6A44 /* String.swift in Sources */,
				FABAAEF82C6A7767000D6A44 /* Extention.swift in Sources */,
				FABAAEED2C6A42CD000D6A44 /* Config.swift in Sources */,
				FABAAEFA2C6A864B000D6A44 /* NotificationHelper.swift in Sources */,
				FABAAEE02C6A3621000D6A44 /* WaterLog+CoreDataClass.swift in Sources */,
				FABAAEC92C6A1ECC000D6A44 /* HomeViewController.swift in Sources */,
				FABAAEE62C6A3FE6000D6A44 /* DatabaseHelper.swift in Sources */,
				FABAAEC52C6A1ECC000D6A44 /* AppDelegate.swift in Sources */,
				FABAAEC72C6A1ECC000D6A44 /* SceneDelegate.swift in Sources */,
				FABAAECF2C6A1ECC000D6A44 /* GOQiiAssessment.xcdatamodeld in Sources */,
			);
			runOnlyForDeploymentPostprocessing = 0;
		};
/* End PBXSourcesBuildPhase section */

/* Begin PBXVariantGroup section */
		FABAAECA2C6A1ECC000D6A44 /* Main.storyboard */ = {
			isa = PBXVariantGroup;
			children = (
				FABAAECB2C6A1ECC000D6A44 /* Base */,
			);
			name = Main.storyboard;
			sourceTree = "<group>";
		};
		FABAAED22C6A1ECE000D6A44 /* LaunchScreen.storyboard */ = {
			isa = PBXVariantGroup;
			children = (
				FABAAED32C6A1ECE000D6A44 /* Base */,
			);
			name = LaunchScreen.storyboard;
			sourceTree = "<group>";
		};
/* End PBXVariantGroup section */

/* Begin XCBuildConfiguration section */
		FABAAED62C6A1ECE000D6A44 /* Debug */ = {
			isa = XCBuildConfiguration;
			buildSettings = {
				ALWAYS_SEARCH_USER_PATHS = NO;
				CLANG_ANALYZER_NONNULL = YES;
				CLANG_ANALYZER_NUMBER_OBJECT_CONVERSION = YES_AGGRESSIVE;
				CLANG_CXX_LANGUAGE_STANDARD = "gnu++17";
				CLANG_CXX_LIBRARY = "libc++";
				CLANG_ENABLE_MODULES = YES;
				CLANG_ENABLE_OBJC_ARC = YES;
				CLANG_ENABLE_OBJC_WEAK = YES;
				CLANG_WARN_BLOCK_CAPTURE_AUTORELEASING = YES;
				CLANG_WARN_BOOL_CONVERSION = YES;
				CLANG_WARN_COMMA = YES;
				CLANG_WARN_CONSTANT_CONVERSION = YES;
				CLANG_WARN_DEPRECATED_OBJC_IMPLEMENTATIONS = YES;
				CLANG_WARN_DIRECT_OBJC_ISA_USAGE = YES_ERROR;
				CLANG_WARN_DOCUMENTATION_COMMENTS = YES;
				CLANG_WARN_EMPTY_BODY = YES;
				CLANG_WARN_ENUM_CONVERSION = YES;
				CLANG_WARN_INFINITE_RECURSION = YES;
				CLANG_WARN_INT_CONVERSION = YES;
				CLANG_WARN_NON_LITERAL_NULL_CONVERSION = YES;
				CLANG_WARN_OBJC_IMPLICIT_RETAIN_SELF = YES;
				CLANG_WARN_OBJC_LITERAL_CONVERSION = YES;
				CLANG_WARN_OBJC_ROOT_CLASS = YES_ERROR;
				CLANG_WARN_QUOTED_INCLUDE_IN_FRAMEWORK_HEADER = YES;
				CLANG_WARN_RANGE_LOOP_ANALYSIS = YES;
				CLANG_WARN_STRICT_PROTOTYPES = YES;
				CLANG_WARN_SUSPICIOUS_MOVE = YES;
				CLANG_WARN_UNGUARDED_AVAILABILITY = YES_AGGRESSIVE;
				CLANG_WARN_UNREACHABLE_CODE = YES;
				CLANG_WARN__DUPLICATE_METHOD_MATCH = YES;
				COPY_PHASE_STRIP = NO;
				DEBUG_INFORMATION_FORMAT = dwarf;
				ENABLE_STRICT_OBJC_MSGSEND = YES;
				ENABLE_TESTABILITY = YES;
				GCC_C_LANGUAGE_STANDARD = gnu11;
				GCC_DYNAMIC_NO_PIC = NO;
				GCC_NO_COMMON_BLOCKS = YES;
				GCC_OPTIMIZATION_LEVEL = 0;
				GCC_PREPROCESSOR_DEFINITIONS = (
					"DEBUG=1",
					"$(inherited)",
				);
				GCC_WARN_64_TO_32_BIT_CONVERSION = YES;
				GCC_WARN_ABOUT_RETURN_TYPE = YES_ERROR;
				GCC_WARN_UNDECLARED_SELECTOR = YES;
				GCC_WARN_UNINITIALIZED_AUTOS = YES_AGGRESSIVE;
				GCC_WARN_UNUSED_FUNCTION = YES;
				GCC_WARN_UNUSED_VARIABLE = YES;
				IPHONEOS_DEPLOYMENT_TARGET = 15.2;
				MTL_ENABLE_DEBUG_INFO = INCLUDE_SOURCE;
				MTL_FAST_MATH = YES;
				ONLY_ACTIVE_ARCH = YES;
				SDKROOT = iphoneos;
				SWIFT_ACTIVE_COMPILATION_CONDITIONS = DEBUG;
				SWIFT_OPTIMIZATION_LEVEL = "-Onone";
			};
			name = Debug;
		};
		FABAAED72C6A1ECE000D6A44 /* Release */ = {
			isa = XCBuildConfiguration;
			buildSettings = {
				ALWAYS_SEARCH_USER_PATHS = NO;
				CLANG_ANALYZER_NONNULL = YES;
				CLANG_ANALYZER_NUMBER_OBJECT_CONVERSION = YES_AGGRESSIVE;
				CLANG_CXX_LANGUAGE_STANDARD = "gnu++17";
				CLANG_CXX_LIBRARY = "libc++";
				CLANG_ENABLE_MODULES = YES;
				CLANG_ENABLE_OBJC_ARC = YES;
				CLANG_ENABLE_OBJC_WEAK = YES;
				CLANG_WARN_BLOCK_CAPTURE_AUTORELEASING = YES;
				CLANG_WARN_BOOL_CONVERSION = YES;
				CLANG_WARN_COMMA = YES;
				CLANG_WARN_CONSTANT_CONVERSION = YES;
				CLANG_WARN_DEPRECATED_OBJC_IMPLEMENTATIONS = YES;
				CLANG_WARN_DIRECT_OBJC_ISA_USAGE = YES_ERROR;
				CLANG_WARN_DOCUMENTATION_COMMENTS = YES;
				CLANG_WARN_EMPTY_BODY = YES;
				CLANG_WARN_ENUM_CONVERSION = YES;
				CLANG_WARN_INFINITE_RECURSION = YES;
				CLANG_WARN_INT_CONVERSION = YES;
				CLANG_WARN_NON_LITERAL_NULL_CONVERSION = YES;
				CLANG_WARN_OBJC_IMPLICIT_RETAIN_SELF = YES;
				CLANG_WARN_OBJC_LITERAL_CONVERSION = YES;
				CLANG_WARN_OBJC_ROOT_CLASS = YES_ERROR;
				CLANG_WARN_QUOTED_INCLUDE_IN_FRAMEWORK_HEADER = YES;
				CLANG_WARN_RANGE_LOOP_ANALYSIS = YES;
				CLANG_WARN_STRICT_PROTOTYPES = YES;
				CLANG_WARN_SUSPICIOUS_MOVE = YES;
				CLANG_WARN_UNGUARDED_AVAILABILITY = YES_AGGRESSIVE;
				CLANG_WARN_UNREACHABLE_CODE = YES;
				CLANG_WARN__DUPLICATE_METHOD_MATCH = YES;
				COPY_PHASE_STRIP = NO;
				DEBUG_INFORMATION_FORMAT = "dwarf-with-dsym";
				ENABLE_NS_ASSERTIONS = NO;
				ENABLE_STRICT_OBJC_MSGSEND = YES;
				GCC_C_LANGUAGE_STANDARD = gnu11;
				GCC_NO_COMMON_BLOCKS = YES;
				GCC_WARN_64_TO_32_BIT_CONVERSION = YES;
				GCC_WARN_ABOUT_RETURN_TYPE = YES_ERROR;
				GCC_WARN_UNDECLARED_SELECTOR = YES;
				GCC_WARN_UNINITIALIZED_AUTOS = YES_AGGRESSIVE;
				GCC_WARN_UNUSED_FUNCTION = YES;
				GCC_WARN_UNUSED_VARIABLE = YES;
				IPHONEOS_DEPLOYMENT_TARGET = 15.2;
				MTL_ENABLE_DEBUG_INFO = NO;
				MTL_FAST_MATH = YES;
				SDKROOT = iphoneos;
				SWIFT_COMPILATION_MODE = wholemodule;
				SWIFT_OPTIMIZATION_LEVEL = "-O";
				VALIDATE_PRODUCT = YES;
			};
			name = Release;
		};
		FABAAED92C6A1ECE000D6A44 /* Debug */ = {
			isa = XCBuildConfiguration;
			buildSettings = {
				ASSETCATALOG_COMPILER_APPICON_NAME = AppIcon;
				ASSETCATALOG_COMPILER_GLOBAL_ACCENT_COLOR_NAME = AccentColor;
				CODE_SIGN_STYLE = Automatic;
				CURRENT_PROJECT_VERSION = 1;
				DEVELOPMENT_TEAM = 98JG7VUNLX;
				GENERATE_INFOPLIST_FILE = YES;
				INFOPLIST_FILE = GOQiiAssessment/Info.plist;
				INFOPLIST_KEY_UIApplicationSupportsIndirectInputEvents = YES;
				INFOPLIST_KEY_UILaunchStoryboardName = LaunchScreen;
				INFOPLIST_KEY_UIMainStoryboardFile = Main;
				INFOPLIST_KEY_UISupportedInterfaceOrientations_iPad = "UIInterfaceOrientationPortrait UIInterfaceOrientationPortraitUpsideDown UIInterfaceOrientationLandscapeLeft UIInterfaceOrientationLandscapeRight";
				INFOPLIST_KEY_UISupportedInterfaceOrientations_iPhone = "UIInterfaceOrientationPortrait UIInterfaceOrientationLandscapeLeft UIInterfaceOrientationLandscapeRight";
				LD_RUNPATH_SEARCH_PATHS = (
					"$(inherited)",
					"@executable_path/Frameworks",
				);
				MARKETING_VERSION = 1.0;
				PRODUCT_BUNDLE_IDENTIFIER = efgtbfg.GOQiiAssessment;
				PRODUCT_NAME = "$(TARGET_NAME)";
				SWIFT_EMIT_LOC_STRINGS = YES;
				SWIFT_VERSION = 5.0;
				TARGETED_DEVICE_FAMILY = 1;
			};
			name = Debug;
		};
		FABAAEDA2C6A1ECE000D6A44 /* Release */ = {
			isa = XCBuildConfiguration;
			buildSettings = {
				ASSETCATALOG_COMPILER_APPICON_NAME = AppIcon;
				ASSETCATALOG_COMPILER_GLOBAL_ACCENT_COLOR_NAME = AccentColor;
				CODE_SIGN_STYLE = Automatic;
				CURRENT_PROJECT_VERSION = 1;
				DEVELOPMENT_TEAM = 98JG7VUNLX;
				GENERATE_INFOPLIST_FILE = YES;
				INFOPLIST_FILE = GOQiiAssessment/Info.plist;
				INFOPLIST_KEY_UIApplicationSupportsIndirectInputEvents = YES;
				INFOPLIST_KEY_UILaunchStoryboardName = LaunchScreen;
				INFOPLIST_KEY_UIMainStoryboardFile = Main;
				INFOPLIST_KEY_UISupportedInterfaceOrientations_iPad = "UIInterfaceOrientationPortrait UIInterfaceOrientationPortraitUpsideDown UIInterfaceOrientationLandscapeLeft UIInterfaceOrientationLandscapeRight";
				INFOPLIST_KEY_UISupportedInterfaceOrientations_iPhone = "UIInterfaceOrientationPortrait UIInterfaceOrientationLandscapeLeft UIInterfaceOrientationLandscapeRight";
				LD_RUNPATH_SEARCH_PATHS = (
					"$(inherited)",
					"@executable_path/Frameworks",
				);
				MARKETING_VERSION = 1.0;
				PRODUCT_BUNDLE_IDENTIFIER = efgtbfg.GOQiiAssessment;
				PRODUCT_NAME = "$(TARGET_NAME)";
				SWIFT_EMIT_LOC_STRINGS = YES;
				SWIFT_VERSION = 5.0;
				TARGETED_DEVICE_FAMILY = 1;
			};
			name = Release;
		};
/* End XCBuildConfiguration section */

/* Begin XCConfigurationList section */
		FABAAEBC2C6A1ECC000D6A44 /* Build configuration list for PBXProject "GOQiiAssessment" */ = {
			isa = XCConfigurationList;
			buildConfigurations = (
				FABAAED62C6A1ECE000D6A44 /* Debug */,
				FABAAED72C6A1ECE000D6A44 /* Release */,
			);
			defaultConfigurationIsVisible = 0;
			defaultConfigurationName = Release;
		};
		FABAAED82C6A1ECE000D6A44 /* Build configuration list for PBXNativeTarget "GOQiiAssessment" */ = {
			isa = XCConfigurationList;
			buildConfigurations = (
				FABAAED92C6A1ECE000D6A44 /* Debug */,
				FABAAEDA2C6A1ECE000D6A44 /* Release */,
			);
			defaultConfigurationIsVisible = 0;
			defaultConfigurationName = Release;
		};
/* End XCConfigurationList section */

/* Begin XCVersionGroup section */
		FABAAECD2C6A1ECC000D6A44 /* GOQiiAssessment.xcdatamodeld */ = {
			isa = XCVersionGroup;
			children = (
				FABAAECE2C6A1ECC000D6A44 /* GOQiiAssessment.xcdatamodel */,
			);
			currentVersion = FABAAECE2C6A1ECC000D6A44 /* GOQiiAssessment.xcdatamodel */;
			path = GOQiiAssessment.xcdatamodeld;
			sourceTree = "<group>";
			versionGroupType = wrapper.xcdatamodel;
		};
/* End XCVersionGroup section */
	};
	rootObject = FABAAEB92C6A1ECB000D6A44 /* Project object */;
}
